
Microsoft Visual Studio Solution File, Format Version 12.00
# Visual Studio 2013
VisualStudioVersion = 12.0.31101.0
MinimumVisualStudioVersion = 10.0.40219.1
Project("{FAE04EC0-301F-11D3-BF4B-00C04F79EFBC}") = "Sulfur", "Sulfur\Sulfur.csproj", "{BB5170CA-9B01-4942-82AB-63F2AA4D71CD}"
EndProject
Project("{FAE04EC0-301F-11D3-BF4B-00C04F79EFBC}") = "Sulfur.DemoFramework", "Sulfur.DemoFramework\Sulfur.DemoFramework.csproj", "{7F14092B-09E6-4DC4-8C2E-D1BF5F9CCD46}"
EndProject
Project("{FAE04EC0-301F-11D3-BF4B-00C04F79EFBC}") = "Sulfur.DemoTests", "Sulfur.DemoTests\Sulfur.DemoTests.csproj", "{90C74D56-3266-4D97-BB21-1A359FDB519B}"
EndProject
Global
	GlobalSection(SolutionConfigurationPlatforms) = preSolution
		Debug|Any CPU = Debug|Any CPU
		Release|Any CPU = Release|Any CPU
	EndGlobalSection
	GlobalSection(ProjectConfigurationPlatforms) = postSolution
		{BB5170CA-9B01-4942-82AB-63F2AA4D71CD}.Debug|Any CPU.ActiveCfg = Debug|Any CPU
		{BB5170CA-9B01-4942-82AB-63F2AA4D71CD}.Debug|Any CPU.Build.0 = Debug|Any CPU
		{BB5170CA-9B01-4942-82AB-63F2AA4D71CD}.Release|Any CPU.ActiveCfg = Release|Any CPU
		{BB5170CA-9B01-4942-82AB-63F2AA4D71CD}.Release|Any CPU.Build.0 = Release|Any CPU
		{7F14092B-09E6-4DC4-8C2E-D1BF5F9CCD46}.Debug|Any CPU.ActiveCfg = Debug|Any CPU
		{7F14092B-09E6-4DC4-8C2E-D1BF5F9CCD46}.Debug|Any CPU.Build.0 = Debug|Any CPU
		{7F14092B-09E6-4DC4-8C2E-D1BF5F9CCD46}.Release|Any CPU.ActiveCfg = Release|Any CPU
		{7F14092B-09E6-4DC4-8C2E-D1BF5F9CCD46}.Release|Any CPU.Build.0 = Release|Any CPU
		{90C74D56-3266-4D97-BB21-1A359FDB519B}.Debug|Any CPU.ActiveCfg = Debug|Any CPU
		{90C74D56-3266-4D97-BB21-1A359FDB519B}.Debug|Any CPU.Build.0 = Debug|Any CPU
		{90C74D56-3266-4D97-BB21-1A359FDB519B}.Release|Any CPU.ActiveCfg = Release|Any CPU
		{90C74D56-3266-4D97-BB21-1A359FDB519B}.Release|Any CPU.Build.0 = Release|Any CPU
	EndGlobalSection
	GlobalSection(SolutionProperties) = preSolution
		HideSolutionNode = FALSE
	EndGlobalSection
EndGlobal
